
Microsoft Visual Studio Solution File, Format Version 12.00
# Visual Studio Version 17
VisualStudioVersion = 17.0.31903.59
MinimumVisualStudioVersion = 10.0.40219.1
Project("{FAE04EC0-301F-11D3-BF4B-00C04F79EFBC}") = "Mimir.Core", "src\Mimir.Core\Mimir.Core.csproj", "{A1B2C3D4-0001-0001-0001-000000000001}"
EndProject
Project("{FAE04EC0-301F-11D3-BF4B-00C04F79EFBC}") = "Mimir.Shn", "src\Mimir.Shn\Mimir.Shn.csproj", "{A1B2C3D4-0002-0002-0002-000000000002}"
EndProject
Project("{FAE04EC0-301F-11D3-BF4B-00C04F79EFBC}") = "Mimir.ShineTable", "src\Mimir.ShineTable\Mimir.ShineTable.csproj", "{A1B2C3D4-0003-0003-0003-000000000003}"
EndProject
Project("{FAE04EC0-301F-11D3-BF4B-00C04F79EFBC}") = "Mimir.Sql", "src\Mimir.Sql\Mimir.Sql.csproj", "{A1B2C3D4-0004-0004-0004-000000000004}"
EndProject
Project("{FAE04EC0-301F-11D3-BF4B-00C04F79EFBC}") = "Mimir.Cli", "src\Mimir.Cli\Mimir.Cli.csproj", "{A1B2C3D4-0005-0005-0005-000000000005}"
EndProject
Project("{FAE04EC0-301F-11D3-BF4B-00C04F79EFBC}") = "Mimir.Api", "src\Mimir.Api\Mimir.Api.csproj", "{A1B2C3D4-000A-000A-000A-00000000000A}"
EndProject
Project("{FAE04EC0-301F-11D3-BF4B-00C04F79EFBC}") = "Mimir.StaticServer", "src\Mimir.StaticServer\Mimir.StaticServer.csproj", "{A1B2C3D4-000B-000B-000B-00000000000B}"
EndProject
Project("{FAE04EC0-301F-11D3-BF4B-00C04F79EFBC}") = "Mimir.Webhook", "src\Mimir.Webhook\Mimir.Webhook.csproj", "{A1B2C3D4-000C-000C-000C-00000000000C}"
EndProject
Project("{FAE04EC0-301F-11D3-BF4B-00C04F79EFBC}") = "Mimir.Core.Tests", "tests\Mimir.Core.Tests\Mimir.Core.Tests.csproj", "{A1B2C3D4-0006-0006-0006-000000000006}"
EndProject
Project("{FAE04EC0-301F-11D3-BF4B-00C04F79EFBC}") = "Mimir.Shn.Tests", "tests\Mimir.Shn.Tests\Mimir.Shn.Tests.csproj", "{A1B2C3D4-0007-0007-0007-000000000007}"
EndProject
Project("{FAE04EC0-301F-11D3-BF4B-00C04F79EFBC}") = "Mimir.ShineTable.Tests", "tests\Mimir.ShineTable.Tests\Mimir.ShineTable.Tests.csproj", "{A1B2C3D4-0008-0008-0008-000000000008}"
EndProject
Project("{FAE04EC0-301F-11D3-BF4B-00C04F79EFBC}") = "Mimir.Sql.Tests", "tests\Mimir.Sql.Tests\Mimir.Sql.Tests.csproj", "{A1B2C3D4-0009-0009-0009-000000000009}"
EndProject
Project("{2150E333-8FDC-42A3-9474-1A3956D46DE8}") = "src", "src", "{E0000001-0000-0000-0000-000000000001}"
EndProject
Project("{2150E333-8FDC-42A3-9474-1A3956D46DE8}") = "tests", "tests", "{E0000002-0000-0000-0000-000000000002}"
EndProject
Project("{FAE04EC0-301F-11D3-BF4B-00C04F79EFBC}") = "Mimir.Integration.Tests", "tests\Mimir.Integration.Tests\Mimir.Integration.Tests.csproj", "{5C668EE6-0DC6-47D3-9CB1-9717AF99A97F}"
EndProject
Global
	GlobalSection(SolutionConfigurationPlatforms) = preSolution
		Debug|Any CPU = Debug|Any CPU
		Debug|x64 = Debug|x64
		Debug|x86 = Debug|x86
		Release|Any CPU = Release|Any CPU
		Release|x64 = Release|x64
		Release|x86 = Release|x86
	EndGlobalSection
	GlobalSection(ProjectConfigurationPlatforms) = postSolution
		{A1B2C3D4-0001-0001-0001-000000000001}.Debug|Any CPU.ActiveCfg = Debug|Any CPU
		{A1B2C3D4-0001-0001-0001-000000000001}.Debug|Any CPU.Build.0 = Debug|Any CPU
		{A1B2C3D4-0001-0001-0001-000000000001}.Debug|x64.ActiveCfg = Debug|Any CPU
		{A1B2C3D4-0001-0001-0001-000000000001}.Debug|x64.Build.0 = Debug|Any CPU
		{A1B2C3D4-0001-0001-0001-000000000001}.Debug|x86.ActiveCfg = Debug|Any CPU
		{A1B2C3D4-0001-0001-0001-000000000001}.Debug|x86.Build.0 = Debug|Any CPU
		{A1B2C3D4-0001-0001-0001-000000000001}.Release|Any CPU.ActiveCfg = Release|Any CPU
		{A1B2C3D4-0001-0001-0001-000000000001}.Release|Any CPU.Build.0 = Release|Any CPU
		{A1B2C3D4-0001-0001-0001-000000000001}.Release|x64.ActiveCfg = Release|Any CPU
		{A1B2C3D4-0001-0001-0001-000000000001}.Release|x64.Build.0 = Release|Any CPU
		{A1B2C3D4-0001-0001-0001-000000000001}.Release|x86.ActiveCfg = Release|Any CPU
		{A1B2C3D4-0001-0001-0001-000000000001}.Release|x86.Build.0 = Release|Any CPU
		{A1B2C3D4-0002-0002-0002-000000000002}.Debug|Any CPU.ActiveCfg = Debug|Any CPU
		{A1B2C3D4-0002-0002-0002-000000000002}.Debug|Any CPU.Build.0 = Debug|Any CPU
		{A1B2C3D4-0002-0002-0002-000000000002}.Debug|x64.ActiveCfg = Debug|Any CPU
		{A1B2C3D4-0002-0002-0002-000000000002}.Debug|x64.Build.0 = Debug|Any CPU
		{A1B2C3D4-0002-0002-0002-000000000002}.Debug|x86.ActiveCfg = Debug|Any CPU
		{A1B2C3D4-0002-0002-0002-000000000002}.Debug|x86.Build.0 = Debug|Any CPU
		{A1B2C3D4-0002-0002-0002-000000000002}.Release|Any CPU.ActiveCfg = Release|Any CPU
		{A1B2C3D4-0002-0002-0002-000000000002}.Release|Any CPU.Build.0 = Release|Any CPU
		{A1B2C3D4-0002-0002-0002-000000000002}.Release|x64.ActiveCfg = Release|Any CPU
		{A1B2C3D4-0002-0002-0002-000000000002}.Release|x64.Build.0 = Release|Any CPU
		{A1B2C3D4-0002-0002-0002-000000000002}.Release|x86.ActiveCfg = Release|Any CPU
		{A1B2C3D4-0002-0002-0002-000000000002}.Release|x86.Build.0 = Release|Any CPU
		{A1B2C3D4-0003-0003-0003-000000000003}.Debug|Any CPU.ActiveCfg = Debug|Any CPU
		{A1B2C3D4-0003-0003-0003-000000000003}.Debug|Any CPU.Build.0 = Debug|Any CPU
		{A1B2C3D4-0003-0003-0003-000000000003}.Debug|x64.ActiveCfg = Debug|Any CPU
		{A1B2C3D4-0003-0003-0003-000000000003}.Debug|x64.Build.0 = Debug|Any CPU
		{A1B2C3D4-0003-0003-0003-000000000003}.Debug|x86.ActiveCfg = Debug|Any CPU
		{A1B2C3D4-0003-0003-0003-000000000003}.Debug|x86.Build.0 = Debug|Any CPU
		{A1B2C3D4-0003-0003-0003-000000000003}.Release|Any CPU.ActiveCfg = Release|Any CPU
		{A1B2C3D4-0003-0003-0003-000000000003}.Release|Any CPU.Build.0 = Release|Any CPU
		{A1B2C3D4-0003-0003-0003-000000000003}.Release|x64.ActiveCfg = Release|Any CPU
		{A1B2C3D4-0003-0003-0003-000000000003}.Release|x64.Build.0 = Release|Any CPU
		{A1B2C3D4-0003-0003-0003-000000000003}.Release|x86.ActiveCfg = Release|Any CPU
		{A1B2C3D4-0003-0003-0003-000000000003}.Release|x86.Build.0 = Release|Any CPU
		{A1B2C3D4-0004-0004-0004-000000000004}.Debug|Any CPU.ActiveCfg = Debug|Any CPU
		{A1B2C3D4-0004-0004-0004-000000000004}.Debug|Any CPU.Build.0 = Debug|Any CPU
		{A1B2C3D4-0004-0004-0004-000000000004}.Debug|x64.ActiveCfg = Debug|Any CPU
		{A1B2C3D4-0004-0004-0004-000000000004}.Debug|x64.Build.0 = Debug|Any CPU
		{A1B2C3D4-0004-0004-0004-000000000004}.Debug|x86.ActiveCfg = Debug|Any CPU
		{A1B2C3D4-0004-0004-0004-000000000004}.Debug|x86.Build.0 = Debug|Any CPU
		{A1B2C3D4-0004-0004-0004-000000000004}.Release|Any CPU.ActiveCfg = Release|Any CPU
		{A1B2C3D4-0004-0004-0004-000000000004}.Release|Any CPU.Build.0 = Release|Any CPU
		{A1B2C3D4-0004-0004-0004-000000000004}.Release|x64.ActiveCfg = Release|Any CPU
		{A1B2C3D4-0004-0004-0004-000000000004}.Release|x64.Build.0 = Release|Any CPU
		{A1B2C3D4-0004-0004-0004-000000000004}.Release|x86.ActiveCfg = Release|Any CPU
		{A1B2C3D4-0004-0004-0004-000000000004}.Release|x86.Build.0 = Release|Any CPU
		{A1B2C3D4-0005-0005-0005-000000000005}.Debug|Any CPU.ActiveCfg = Debug|Any CPU
		{A1B2C3D4-0005-0005-0005-000000000005}.Debug|Any CPU.Build.0 = Debug|Any CPU
		{A1B2C3D4-0005-0005-0005-000000000005}.Debug|x64.ActiveCfg = Debug|Any CPU
		{A1B2C3D4-0005-0005-0005-000000000005}.Debug|x64.Build.0 = Debug|Any CPU
		{A1B2C3D4-0005-0005-0005-000000000005}.Debug|x86.ActiveCfg = Debug|Any CPU
		{A1B2C3D4-0005-0005-0005-000000000005}.Debug|x86.Build.0 = Debug|Any CPU
		{A1B2C3D4-0005-0005-0005-000000000005}.Release|Any CPU.ActiveCfg = Release|Any CPU
		{A1B2C3D4-0005-0005-0005-000000000005}.Release|Any CPU.Build.0 = Release|Any CPU
		{A1B2C3D4-0005-0005-0005-000000000005}.Release|x64.ActiveCfg = Release|Any CPU
		{A1B2C3D4-0005-0005-0005-000000000005}.Release|x64.Build.0 = Release|Any CPU
		{A1B2C3D4-0005-0005-0005-000000000005}.Release|x86.ActiveCfg = Release|Any CPU
		{A1B2C3D4-0005-0005-0005-000000000005}.Release|x86.Build.0 = Release|Any CPU
		{A1B2C3D4-000A-000A-000A-00000000000A}.Debug|Any CPU.ActiveCfg = Debug|Any CPU
		{A1B2C3D4-000A-000A-000A-00000000000A}.Debug|Any CPU.Build.0 = Debug|Any CPU
		{A1B2C3D4-000A-000A-000A-00000000000A}.Debug|x64.ActiveCfg = Debug|Any CPU
		{A1B2C3D4-000A-000A-000A-00000000000A}.Debug|x64.Build.0 = Debug|Any CPU
		{A1B2C3D4-000A-000A-000A-00000000000A}.Debug|x86.ActiveCfg = Debug|Any CPU
		{A1B2C3D4-000A-000A-000A-00000000000A}.Debug|x86.Build.0 = Debug|Any CPU
		{A1B2C3D4-000A-000A-000A-00000000000A}.Release|Any CPU.ActiveCfg = Release|Any CPU
		{A1B2C3D4-000A-000A-000A-00000000000A}.Release|Any CPU.Build.0 = Release|Any CPU
		{A1B2C3D4-000A-000A-000A-00000000000A}.Release|x64.ActiveCfg = Release|Any CPU
		{A1B2C3D4-000A-000A-000A-00000000000A}.Release|x64.Build.0 = Release|Any CPU
		{A1B2C3D4-000A-000A-000A-00000000000A}.Release|x86.ActiveCfg = Release|Any CPU
		{A1B2C3D4-000A-000A-000A-00000000000A}.Release|x86.Build.0 = Release|Any CPU
		{A1B2C3D4-000B-000B-000B-00000000000B}.Debug|Any CPU.ActiveCfg = Debug|Any CPU
		{A1B2C3D4-000B-000B-000B-00000000000B}.Debug|Any CPU.Build.0 = Debug|Any CPU
		{A1B2C3D4-000B-000B-000B-00000000000B}.Debug|x64.ActiveCfg = Debug|Any CPU
		{A1B2C3D4-000B-000B-000B-00000000000B}.Debug|x64.Build.0 = Debug|Any CPU
		{A1B2C3D4-000B-000B-000B-00000000000B}.Debug|x86.ActiveCfg = Debug|Any CPU
		{A1B2C3D4-000B-000B-000B-00000000000B}.Debug|x86.Build.0 = Debug|Any CPU
		{A1B2C3D4-000B-000B-000B-00000000000B}.Release|Any CPU.ActiveCfg = Release|Any CPU
		{A1B2C3D4-000B-000B-000B-00000000000B}.Release|Any CPU.Build.0 = Release|Any CPU
		{A1B2C3D4-000B-000B-000B-00000000000B}.Release|x64.ActiveCfg = Release|Any CPU
		{A1B2C3D4-000B-000B-000B-00000000000B}.Release|x64.Build.0 = Release|Any CPU
		{A1B2C3D4-000B-000B-000B-00000000000B}.Release|x86.ActiveCfg = Release|Any CPU
		{A1B2C3D4-000B-000B-000B-00000000000B}.Release|x86.Build.0 = Release|Any CPU
		{A1B2C3D4-000C-000C-000C-00000000000C}.Debug|Any CPU.ActiveCfg = Debug|Any CPU
		{A1B2C3D4-000C-000C-000C-00000000000C}.Debug|Any CPU.Build.0 = Debug|Any CPU
		{A1B2C3D4-000C-000C-000C-00000000000C}.Debug|x64.ActiveCfg = Debug|Any CPU
		{A1B2C3D4-000C-000C-000C-00000000000C}.Debug|x64.Build.0 = Debug|Any CPU
		{A1B2C3D4-000C-000C-000C-00000000000C}.Debug|x86.ActiveCfg = Debug|Any CPU
		{A1B2C3D4-000C-000C-000C-00000000000C}.Debug|x86.Build.0 = Debug|Any CPU
		{A1B2C3D4-000C-000C-000C-00000000000C}.Release|Any CPU.ActiveCfg = Release|Any CPU
		{A1B2C3D4-000C-000C-000C-00000000000C}.Release|Any CPU.Build.0 = Release|Any CPU
		{A1B2C3D4-000C-000C-000C-00000000000C}.Release|x64.ActiveCfg = Release|Any CPU
		{A1B2C3D4-000C-000C-000C-00000000000C}.Release|x64.Build.0 = Release|Any CPU
		{A1B2C3D4-000C-000C-000C-00000000000C}.Release|x86.ActiveCfg = Release|Any CPU
		{A1B2C3D4-000C-000C-000C-00000000000C}.Release|x86.Build.0 = Release|Any CPU
		{A1B2C3D4-0006-0006-0006-000000000006}.Debug|Any CPU.ActiveCfg = Debug|Any CPU
		{A1B2C3D4-0006-0006-0006-000000000006}.Debug|Any CPU.Build.0 = Debug|Any CPU
		{A1B2C3D4-0006-0006-0006-000000000006}.Debug|x64.ActiveCfg = Debug|Any CPU
		{A1B2C3D4-0006-0006-0006-000000000006}.Debug|x64.Build.0 = Debug|Any CPU
		{A1B2C3D4-0006-0006-0006-000000000006}.Debug|x86.ActiveCfg = Debug|Any CPU
		{A1B2C3D4-0006-0006-0006-000000000006}.Debug|x86.Build.0 = Debug|Any CPU
		{A1B2C3D4-0006-0006-0006-000000000006}.Release|Any CPU.ActiveCfg = Release|Any CPU
		{A1B2C3D4-0006-0006-0006-000000000006}.Release|Any CPU.Build.0 = Release|Any CPU
		{A1B2C3D4-0006-0006-0006-000000000006}.Release|x64.ActiveCfg = Release|Any CPU
		{A1B2C3D4-0006-0006-0006-000000000006}.Release|x64.Build.0 = Release|Any CPU
		{A1B2C3D4-0006-0006-0006-000000000006}.Release|x86.ActiveCfg = Release|Any CPU
		{A1B2C3D4-0006-0006-0006-000000000006}.Release|x86.Build.0 = Release|Any CPU
		{A1B2C3D4-0007-0007-0007-000000000007}.Debug|Any CPU.ActiveCfg = Debug|Any CPU
		{A1B2C3D4-0007-0007-0007-000000000007}.Debug|Any CPU.Build.0 = Debug|Any CPU
		{A1B2C3D4-0007-0007-0007-000000000007}.Debug|x64.ActiveCfg = Debug|Any CPU
		{A1B2C3D4-0007-0007-0007-000000000007}.Debug|x64.Build.0 = Debug|Any CPU
		{A1B2C3D4-0007-0007-0007-000000000007}.Debug|x86.ActiveCfg = Debug|Any CPU
		{A1B2C3D4-0007-0007-0007-000000000007}.Debug|x86.Build.0 = Debug|Any CPU
		{A1B2C3D4-0007-0007-0007-000000000007}.Release|Any CPU.ActiveCfg = Release|Any CPU
		{A1B2C3D4-0007-0007-0007-000000000007}.Release|Any CPU.Build.0 = Release|Any CPU
		{A1B2C3D4-0007-0007-0007-000000000007}.Release|x64.ActiveCfg = Release|Any CPU
		{A1B2C3D4-0007-0007-0007-000000000007}.Release|x64.Build.0 = Release|Any CPU
		{A1B2C3D4-0007-0007-0007-000000000007}.Release|x86.ActiveCfg = Release|Any CPU
		{A1B2C3D4-0007-0007-0007-000000000007}.Release|x86.Build.0 = Release|Any CPU
		{A1B2C3D4-0008-0008-0008-000000000008}.Debug|Any CPU.ActiveCfg = Debug|Any CPU
		{A1B2C3D4-0008-0008-0008-000000000008}.Debug|Any CPU.Build.0 = Debug|Any CPU
		{A1B2C3D4-0008-0008-0008-000000000008}.Debug|x64.ActiveCfg = Debug|Any CPU
		{A1B2C3D4-0008-0008-0008-000000000008}.Debug|x64.Build.0 = Debug|Any CPU
		{A1B2C3D4-0008-0008-0008-000000000008}.Debug|x86.ActiveCfg = Debug|Any CPU
		{A1B2C3D4-0008-0008-0008-000000000008}.Debug|x86.Build.0 = Debug|Any CPU
		{A1B2C3D4-0008-0008-0008-000000000008}.Release|Any CPU.ActiveCfg = Release|Any CPU
		{A1B2C3D4-0008-0008-0008-000000000008}.Release|Any CPU.Build.0 = Release|Any CPU
		{A1B2C3D4-0008-0008-0008-000000000008}.Release|x64.ActiveCfg = Release|Any CPU
		{A1B2C3D4-0008-0008-0008-000000000008}.Release|x64.Build.0 = Release|Any CPU
		{A1B2C3D4-0008-0008-0008-000000000008}.Release|x86.ActiveCfg = Release|Any CPU
		{A1B2C3D4-0008-0008-0008-000000000008}.Release|x86.Build.0 = Release|Any CPU
		{A1B2C3D4-0009-0009-0009-000000000009}.Debug|Any CPU.ActiveCfg = Debug|Any CPU
		{A1B2C3D4-0009-0009-0009-000000000009}.Debug|Any CPU.Build.0 = Debug|Any CPU
		{A1B2C3D4-0009-0009-0009-000000000009}.Debug|x64.ActiveCfg = Debug|Any CPU
		{A1B2C3D4-0009-0009-0009-000000000009}.Debug|x64.Build.0 = Debug|Any CPU
		{A1B2C3D4-0009-0009-0009-000000000009}.Debug|x86.ActiveCfg = Debug|Any CPU
		{A1B2C3D4-0009-0009-0009-000000000009}.Debug|x86.Build.0 = Debug|Any CPU
		{A1B2C3D4-0009-0009-0009-000000000009}.Release|Any CPU.ActiveCfg = Release|Any CPU
		{A1B2C3D4-0009-0009-0009-000000000009}.Release|Any CPU.Build.0 = Release|Any CPU
		{A1B2C3D4-0009-0009-0009-000000000009}.Release|x64.ActiveCfg = Release|Any CPU
		{A1B2C3D4-0009-0009-0009-000000000009}.Release|x64.Build.0 = Release|Any CPU
		{A1B2C3D4-0009-0009-0009-000000000009}.Release|x86.ActiveCfg = Release|Any CPU
		{A1B2C3D4-0009-0009-0009-000000000009}.Release|x86.Build.0 = Release|Any CPU
		{5C668EE6-0DC6-47D3-9CB1-9717AF99A97F}.Debug|Any CPU.ActiveCfg = Debug|Any CPU
		{5C668EE6-0DC6-47D3-9CB1-9717AF99A97F}.Debug|Any CPU.Build.0 = Debug|Any CPU
		{5C668EE6-0DC6-47D3-9CB1-9717AF99A97F}.Debug|x64.ActiveCfg = Debug|Any CPU
		{5C668EE6-0DC6-47D3-9CB1-9717AF99A97F}.Debug|x64.Build.0 = Debug|Any CPU
		{5C668EE6-0DC6-47D3-9CB1-9717AF99A97F}.Debug|x86.ActiveCfg = Debug|Any CPU
		{5C668EE6-0DC6-47D3-9CB1-9717AF99A97F}.Debug|x86.Build.0 = Debug|Any CPU
		{5C668EE6-0DC6-47D3-9CB1-9717AF99A97F}.Release|Any CPU.ActiveCfg = Release|Any CPU
		{5C668EE6-0DC6-47D3-9CB1-9717AF99A97F}.Release|Any CPU.Build.0 = Release|Any CPU
		{5C668EE6-0DC6-47D3-9CB1-9717AF99A97F}.Release|x64.ActiveCfg = Release|Any CPU
		{5C668EE6-0DC6-47D3-9CB1-9717AF99A97F}.Release|x64.Build.0 = Release|Any CPU
		{5C668EE6-0DC6-47D3-9CB1-9717AF99A97F}.Release|x86.ActiveCfg = Release|Any CPU
		{5C668EE6-0DC6-47D3-9CB1-9717AF99A97F}.Release|x86.Build.0 = Release|Any CPU
	EndGlobalSection
	GlobalSection(SolutionProperties) = preSolution
		HideSolutionNode = FALSE
	EndGlobalSection
	GlobalSection(NestedProjects) = preSolution
		{A1B2C3D4-0001-0001-0001-000000000001} = {E0000001-0000-0000-0000-000000000001}
		{A1B2C3D4-0002-0002-0002-000000000002} = {E0000001-0000-0000-0000-000000000001}
		{A1B2C3D4-0003-0003-0003-000000000003} = {E0000001-0000-0000-0000-000000000001}
		{A1B2C3D4-0004-0004-0004-000000000004} = {E0000001-0000-0000-0000-000000000001}
		{A1B2C3D4-0005-0005-0005-000000000005} = {E0000001-0000-0000-0000-000000000001}
		{A1B2C3D4-000A-000A-000A-00000000000A} = {E0000001-0000-0000-0000-000000000001}
		{A1B2C3D4-000B-000B-000B-00000000000B} = {E0000001-0000-0000-0000-000000000001}
		{A1B2C3D4-000C-000C-000C-00000000000C} = {E0000001-0000-0000-0000-000000000001}
		{A1B2C3D4-0006-0006-0006-000000000006} = {E0000002-0000-0000-0000-000000000002}
		{A1B2C3D4-0007-0007-0007-000000000007} = {E0000002-0000-0000-0000-000000000002}
		{A1B2C3D4-0008-0008-0008-000000000008} = {E0000002-0000-0000-0000-000000000002}
		{A1B2C3D4-0009-0009-0009-000000000009} = {E0000002-0000-0000-0000-000000000002}
		{5C668EE6-0DC6-47D3-9CB1-9717AF99A97F} = {E0000002-0000-0000-0000-000000000002}
	EndGlobalSection
EndGlobal
